{
  "name": "tns-template-hello-world-ng",
  "version": "3.4.1",
  "lockfileVersion": 1,
  "requires": true,
  "dependencies": {
    "@types/string": {
      "version": "0.0.29",
      "resolved": "https://registry.npmjs.org/@types/string/-/string-0.0.29.tgz",
      "integrity": "sha512-p8YTvb6vTWL38JxSe1rCduwP2l0jNRZpHlDUWqLt5A3F4SOc7yBPPd3jBiSk3b66urjs2tFM2QOhf4yEzz9wiQ==",
      "dev": true
    }
  }
}
